
Microsoft Visual Studio Solution File, Format Version 12.00
# Visual Studio Version 17
VisualStudioVersion = 17.13.35931.197 d17.13
MinimumVisualStudioVersion = 10.0.40219.1
Project("{FAE04EC0-301F-11D3-BF4B-00C04F79EFBC}") = "ApiFotos", "ApiFotos\ApiFotos.csproj", "{8030FEFE-943C-40F7-8ED0-E46CBE03AF75}"
EndProject
Global
	GlobalSection(SolutionConfigurationPlatforms) = preSolution
		Debug|Any CPU = Debug|Any CPU
		Release|Any CPU = Release|Any CPU
	EndGlobalSection
	GlobalSection(ProjectConfigurationPlatforms) = postSolution
		{8030FEFE-943C-40F7-8ED0-E46CBE03AF75}.Debug|Any CPU.ActiveCfg = Debug|Any CPU
		{8030FEFE-943C-40F7-8ED0-E46CBE03AF75}.Debug|Any CPU.Build.0 = Debug|Any CPU
		{8030FEFE-943C-40F7-8ED0-E46CBE03AF75}.Release|Any CPU.ActiveCfg = Release|Any CPU
		{8030FEFE-943C-40F7-8ED0-E46CBE03AF75}.Release|Any CPU.Build.0 = Release|Any CPU
	EndGlobalSection
	GlobalSection(SolutionProperties) = preSolution
		HideSolutionNode = FALSE
	EndGlobalSection
	GlobalSection(ExtensibilityGlobals) = postSolution
		SolutionGuid = {1A70C813-9497-4B32-AF7E-4CEB72998955}
	EndGlobalSection
EndGlobal
